{
  "name": "fixloop",
  "version": "1.0.1",
  "lockfileVersion": 3,
  "requires": true,
  "packages": {
    "": {
      "name": "fixloop",
      "version": "1.0.1",
      "license": "MIT",
      "bin": {
        "fixloop": "bin/fixloop.js",
        "kiro-heal": "bin/kiro-heal.js"
      },
      "engines": {
        "node": ">=18"
      },
      "peerDependencies": {
        "@playwright/test": ">=1.40.0",
        "@testmuai/kane-cli": ">=0.8.0"
      },
      "peerDependenciesMeta": {
        "@playwright/test": {
          "optional": true
        },
        "@testmuai/kane-cli": {
          "optional": true
        }
      }
    }
  }
}
